
Microsoft Visual Studio Solution File, Format Version 12.00
# Visual Studio Version 16
VisualStudioVersion = 16.0.29411.108
MinimumVisualStudioVersion = 10.0.40219.1
Project("{FAE04EC0-301F-11D3-BF4B-00C04F79EFBC}") = "RecordStoreProject", "RecordStoreProject\RecordStoreProject.csproj", "{1793A61B-0FB6-48E3-977A-A27B23FB107B}"
EndProject
Global
	GlobalSection(SolutionConfigurationPlatforms) = preSolution
		Debug|Any CPU = Debug|Any CPU
		Release|Any CPU = Release|Any CPU
	EndGlobalSection
	GlobalSection(ProjectConfigurationPlatforms) = postSolution
		{1793A61B-0FB6-48E3-977A-A27B23FB107B}.Debug|Any CPU.ActiveCfg = Debug|Any CPU
		{1793A61B-0FB6-48E3-977A-A27B23FB107B}.Debug|Any CPU.Build.0 = Debug|Any CPU
		{1793A61B-0FB6-48E3-977A-A27B23FB107B}.Release|Any CPU.ActiveCfg = Release|Any CPU
		{1793A61B-0FB6-48E3-977A-A27B23FB107B}.Release|Any CPU.Build.0 = Release|Any CPU
	EndGlobalSection
	GlobalSection(SolutionProperties) = preSolution
		HideSolutionNode = FALSE
	EndGlobalSection
	GlobalSection(ExtensibilityGlobals) = postSolution
		SolutionGuid = {3EF289CB-69DA-474C-949A-FB0540CB570B}
	EndGlobalSection
EndGlobal
